
Microsoft Visual Studio Solution File, Format Version 12.00
# Visual Studio 15
VisualStudioVersion = 15.0.27703.2047
MinimumVisualStudioVersion = 10.0.40219.1
Project("{A07B5EB6-E848-4116-A8D0-A826331D98C6}") = "Rem1", "Rem1\Rem1.sfproj", "{04770F9D-8FBB-4893-BE0A-2C35E072D9CA}"
EndProject
Project("{FAE04EC0-301F-11D3-BF4B-00C04F79EFBC}") = "A1", "A1\A1.csproj", "{6DF24B36-F11D-4559-8923-D2D2EC05F6D8}"
EndProject
Project("{FAE04EC0-301F-11D3-BF4B-00C04F79EFBC}") = "A1.Interfaces", "A1.Interfaces\A1.Interfaces.csproj", "{92C8EFD2-027A-4D75-A476-6EC0F59815F2}"
EndProject
Project("{FAE04EC0-301F-11D3-BF4B-00C04F79EFBC}") = "ConsoleApp1", "ConsoleApp1\ConsoleApp1.csproj", "{D896EE92-14C4-473F-9BB3-5CA631DEDDF2}"
EndProject
Project("{FAE04EC0-301F-11D3-BF4B-00C04F79EFBC}") = "A2", "A2\A2.csproj", "{5F18D391-81C6-47F4-BDF5-EB3B368D5026}"
EndProject
Project("{FAE04EC0-301F-11D3-BF4B-00C04F79EFBC}") = "A2.Interfaces", "A2.Interfaces\A2.Interfaces.csproj", "{6C830B37-D777-413F-9DFB-9EB0504889DC}"
EndProject
Global
	GlobalSection(SolutionConfigurationPlatforms) = preSolution
		Debug|Any CPU = Debug|Any CPU
		Debug|x64 = Debug|x64
		Release|Any CPU = Release|Any CPU
		Release|x64 = Release|x64
	EndGlobalSection
	GlobalSection(ProjectConfigurationPlatforms) = postSolution
		{04770F9D-8FBB-4893-BE0A-2C35E072D9CA}.Debug|Any CPU.ActiveCfg = Debug|x64
		{04770F9D-8FBB-4893-BE0A-2C35E072D9CA}.Debug|x64.ActiveCfg = Debug|x64
		{04770F9D-8FBB-4893-BE0A-2C35E072D9CA}.Debug|x64.Build.0 = Debug|x64
		{04770F9D-8FBB-4893-BE0A-2C35E072D9CA}.Debug|x64.Deploy.0 = Debug|x64
		{04770F9D-8FBB-4893-BE0A-2C35E072D9CA}.Release|Any CPU.ActiveCfg = Release|x64
		{04770F9D-8FBB-4893-BE0A-2C35E072D9CA}.Release|x64.ActiveCfg = Release|x64
		{04770F9D-8FBB-4893-BE0A-2C35E072D9CA}.Release|x64.Build.0 = Release|x64
		{04770F9D-8FBB-4893-BE0A-2C35E072D9CA}.Release|x64.Deploy.0 = Release|x64
		{6DF24B36-F11D-4559-8923-D2D2EC05F6D8}.Debug|Any CPU.ActiveCfg = Debug|Any CPU
		{6DF24B36-F11D-4559-8923-D2D2EC05F6D8}.Debug|Any CPU.Build.0 = Debug|Any CPU
		{6DF24B36-F11D-4559-8923-D2D2EC05F6D8}.Debug|x64.ActiveCfg = Debug|Any CPU
		{6DF24B36-F11D-4559-8923-D2D2EC05F6D8}.Debug|x64.Build.0 = Debug|Any CPU
		{6DF24B36-F11D-4559-8923-D2D2EC05F6D8}.Release|Any CPU.ActiveCfg = Release|Any CPU
		{6DF24B36-F11D-4559-8923-D2D2EC05F6D8}.Release|Any CPU.Build.0 = Release|Any CPU
		{6DF24B36-F11D-4559-8923-D2D2EC05F6D8}.Release|x64.ActiveCfg = Release|Any CPU
		{6DF24B36-F11D-4559-8923-D2D2EC05F6D8}.Release|x64.Build.0 = Release|Any CPU
		{92C8EFD2-027A-4D75-A476-6EC0F59815F2}.Debug|Any CPU.ActiveCfg = Debug|Any CPU
		{92C8EFD2-027A-4D75-A476-6EC0F59815F2}.Debug|Any CPU.Build.0 = Debug|Any CPU
		{92C8EFD2-027A-4D75-A476-6EC0F59815F2}.Debug|x64.ActiveCfg = Debug|Any CPU
		{92C8EFD2-027A-4D75-A476-6EC0F59815F2}.Debug|x64.Build.0 = Debug|Any CPU
		{92C8EFD2-027A-4D75-A476-6EC0F59815F2}.Release|Any CPU.ActiveCfg = Release|Any CPU
		{92C8EFD2-027A-4D75-A476-6EC0F59815F2}.Release|Any CPU.Build.0 = Release|Any CPU
		{92C8EFD2-027A-4D75-A476-6EC0F59815F2}.Release|x64.ActiveCfg = Release|Any CPU
		{92C8EFD2-027A-4D75-A476-6EC0F59815F2}.Release|x64.Build.0 = Release|Any CPU
		{D896EE92-14C4-473F-9BB3-5CA631DEDDF2}.Debug|Any CPU.ActiveCfg = Debug|Any CPU
		{D896EE92-14C4-473F-9BB3-5CA631DEDDF2}.Debug|Any CPU.Build.0 = Debug|Any CPU
		{D896EE92-14C4-473F-9BB3-5CA631DEDDF2}.Debug|x64.ActiveCfg = Debug|Any CPU
		{D896EE92-14C4-473F-9BB3-5CA631DEDDF2}.Debug|x64.Build.0 = Debug|Any CPU
		{D896EE92-14C4-473F-9BB3-5CA631DEDDF2}.Release|Any CPU.ActiveCfg = Release|Any CPU
		{D896EE92-14C4-473F-9BB3-5CA631DEDDF2}.Release|Any CPU.Build.0 = Release|Any CPU
		{D896EE92-14C4-473F-9BB3-5CA631DEDDF2}.Release|x64.ActiveCfg = Release|Any CPU
		{D896EE92-14C4-473F-9BB3-5CA631DEDDF2}.Release|x64.Build.0 = Release|Any CPU
		{5F18D391-81C6-47F4-BDF5-EB3B368D5026}.Debug|Any CPU.ActiveCfg = Debug|Any CPU
		{5F18D391-81C6-47F4-BDF5-EB3B368D5026}.Debug|Any CPU.Build.0 = Debug|Any CPU
		{5F18D391-81C6-47F4-BDF5-EB3B368D5026}.Debug|x64.ActiveCfg = Debug|Any CPU
		{5F18D391-81C6-47F4-BDF5-EB3B368D5026}.Debug|x64.Build.0 = Debug|Any CPU
		{5F18D391-81C6-47F4-BDF5-EB3B368D5026}.Release|Any CPU.ActiveCfg = Release|Any CPU
		{5F18D391-81C6-47F4-BDF5-EB3B368D5026}.Release|Any CPU.Build.0 = Release|Any CPU
		{5F18D391-81C6-47F4-BDF5-EB3B368D5026}.Release|x64.ActiveCfg = Release|Any CPU
		{5F18D391-81C6-47F4-BDF5-EB3B368D5026}.Release|x64.Build.0 = Release|Any CPU
		{6C830B37-D777-413F-9DFB-9EB0504889DC}.Debug|Any CPU.ActiveCfg = Debug|Any CPU
		{6C830B37-D777-413F-9DFB-9EB0504889DC}.Debug|Any CPU.Build.0 = Debug|Any CPU
		{6C830B37-D777-413F-9DFB-9EB0504889DC}.Debug|x64.ActiveCfg = Debug|Any CPU
		{6C830B37-D777-413F-9DFB-9EB0504889DC}.Debug|x64.Build.0 = Debug|Any CPU
		{6C830B37-D777-413F-9DFB-9EB0504889DC}.Release|Any CPU.ActiveCfg = Release|Any CPU
		{6C830B37-D777-413F-9DFB-9EB0504889DC}.Release|Any CPU.Build.0 = Release|Any CPU
		{6C830B37-D777-413F-9DFB-9EB0504889DC}.Release|x64.ActiveCfg = Release|Any CPU
		{6C830B37-D777-413F-9DFB-9EB0504889DC}.Release|x64.Build.0 = Release|Any CPU
	EndGlobalSection
	GlobalSection(SolutionProperties) = preSolution
		HideSolutionNode = FALSE
	EndGlobalSection
	GlobalSection(ExtensibilityGlobals) = postSolution
		SolutionGuid = {E393CE3A-13B9-4C12-84EA-25C81859A54E}
	EndGlobalSection
EndGlobal
